
Microsoft Visual Studio Solution File, Format Version 12.00
# Visual Studio Version 17
VisualStudioVersion = 17.14.36221.1 d17.14
MinimumVisualStudioVersion = 10.0.40219.1
Project("{FAE04EC0-301F-11D3-BF4B-00C04F79EFBC}") = "RetailInventory", "RetailInventory\RetailInventory.csproj", "{6876246A-67FB-4E57-B12C-38A29495DE2E}"
EndProject
Global
	GlobalSection(SolutionConfigurationPlatforms) = preSolution
		Debug|Any CPU = Debug|Any CPU
		Release|Any CPU = Release|Any CPU
	EndGlobalSection
	GlobalSection(ProjectConfigurationPlatforms) = postSolution
		{6876246A-67FB-4E57-B12C-38A29495DE2E}.Debug|Any CPU.ActiveCfg = Debug|Any CPU
		{6876246A-67FB-4E57-B12C-38A29495DE2E}.Debug|Any CPU.Build.0 = Debug|Any CPU
		{6876246A-67FB-4E57-B12C-38A29495DE2E}.Release|Any CPU.ActiveCfg = Release|Any CPU
		{6876246A-67FB-4E57-B12C-38A29495DE2E}.Release|Any CPU.Build.0 = Release|Any CPU
	EndGlobalSection
	GlobalSection(SolutionProperties) = preSolution
		HideSolutionNode = FALSE
	EndGlobalSection
	GlobalSection(ExtensibilityGlobals) = postSolution
		SolutionGuid = {937C9D8C-5FF3-43A7-AA3F-10D7DBBF766A}
	EndGlobalSection
EndGlobal
